<?xml version="1.0" encoding="utf-8"?>
<Project ToolsVersion="4.0" xmlns="http://schemas.microsoft.com/developer/msbuild/2003">
  <ItemGroup>
    <Filter Include="Source Files">
      <UniqueIdentifier>{4FC737F1-C7A5-4376-A066-2A32D752A2FF}</UniqueIdentifier>
      <Extensions>cpp;cxx;c;def</Extensions>
    </Filter>
    <Filter Include="Header Files">
      <UniqueIdentifier>{93995380-89BD-4b04-88EB-625FBE52EBFB}</UniqueIdentifier>
      <Extensions>h</Extensions>
    </Filter>
    <Filter Include="Form Files">
      <UniqueIdentifier>{99349809-55BA-4b9d-BF79-8FDBB0286EB3}</UniqueIdentifier>
      <Extensions>ui</Extensions>
    </Filter>
    <Filter Include="Generated Files">
      <UniqueIdentifier>{71ED8ED8-ACB9-4CE9-BBE1-E00B30144E11}</UniqueIdentifier>
      <Extensions>moc;h;cpp</Extensions>
      <SourceControlFiles>False</SourceControlFiles>
    </Filter>
    <Filter Include="Generated Files\Debug">
      <UniqueIdentifier>{68182289-3776-4044-84e5-0d9efc8b5d92}</UniqueIdentifier>
      <Extensions>cpp;moc</Extensions>
      <SourceControlFiles>False</SourceControlFiles>
    </Filter>
    <Filter Include="Generated Files\Release">
      <UniqueIdentifier>{81103b46-6a54-4d71-98f6-fdf52a046aba}</UniqueIdentifier>
      <Extensions>cpp;moc</Extensions>
      <SourceControlFiles>False</SourceControlFiles>
    </Filter>
    <Filter Include="Resource Files">
      <UniqueIdentifier>{D9D6E242-F8AF-46E4-B9FD-80ECBC20BA3E}</UniqueIdentifier>
      <Extensions>qrc;*</Extensions>
      <ParseFiles>false</ParseFiles>
    </Filter>
    <Filter Include="Resource Files\ModualDialog">
      <UniqueIdentifier>{ea7431bb-e6ce-4659-8848-e3bdd3b8cdf2}</UniqueIdentifier>
    </Filter>
    <Filter Include="Resource Files\TextEditor">
      <UniqueIdentifier>{7195c4e6-c457-4063-b4c3-efd82499dc6d}</UniqueIdentifier>
    </Filter>
  </ItemGroup>
  <ItemGroup>
    <ClCompile Include="main.cpp">
      <Filter>Source Files</Filter>
    </ClCompile>
    <ClCompile Include="qtconverge.cpp">
      <Filter>Source Files</Filter>
    </ClCompile>
    <ClCompile Include="GeneratedFiles\Debug\moc_qtconverge.cpp">
      <Filter>Generated Files\Debug</Filter>
    </ClCompile>
    <ClCompile Include="GeneratedFiles\Release\moc_qtconverge.cpp">
      <Filter>Generated Files\Release</Filter>
    </ClCompile>
    <ClCompile Include="GeneratedFiles\qrc_qtconverge.cpp">
      <Filter>Generated Files</Filter>
    </ClCompile>
    <ClCompile Include="..\TextEditor\texteditor.cpp">
      <Filter>Resource Files\TextEditor</Filter>
    </ClCompile>
    <ClCompile Include="GeneratedFiles\Debug\moc_texteditor.cpp">
      <Filter>Generated Files\Debug</Filter>
    </ClCompile>
    <ClCompile Include="GeneratedFiles\Release\moc_texteditor.cpp">
      <Filter>Generated Files\Release</Filter>
    </ClCompile>
    <ClCompile Include="GeneratedFiles\qrc_texteditor.cpp">
      <Filter>Generated Files</Filter>
    </ClCompile>
    <ClCompile Include="..\NonModualDialog\LoginDlg.cpp">
      <Filter>Resource Files\ModualDialog</Filter>
    </ClCompile>
    <ClCompile Include="GeneratedFiles\Debug\moc_LoginDlg.cpp">
      <Filter>Generated Files\Debug</Filter>
    </ClCompile>
    <ClCompile Include="GeneratedFiles\Release\moc_LoginDlg.cpp">
      <Filter>Generated Files\Release</Filter>
    </ClCompile>
    <ClCompile Include="..\NonModualDialog\nonmodualdialog.cpp">
      <Filter>Resource Files\ModualDialog</Filter>
    </ClCompile>
    <ClCompile Include="GeneratedFiles\Debug\moc_nonmodualdialog.cpp">
      <Filter>Generated Files\Debug</Filter>
    </ClCompile>
    <ClCompile Include="GeneratedFiles\Release\moc_nonmodualdialog.cpp">
      <Filter>Generated Files\Release</Filter>
    </ClCompile>
    <ClCompile Include="..\NonModualDialog\SearchWindow.cpp">
      <Filter>Resource Files\ModualDialog</Filter>
    </ClCompile>
    <ClCompile Include="GeneratedFiles\Debug\moc_SearchWindow.cpp">
      <Filter>Generated Files\Debug</Filter>
    </ClCompile>
    <ClCompile Include="GeneratedFiles\Release\moc_SearchWindow.cpp">
      <Filter>Generated Files\Release</Filter>
    </ClCompile>
    <ClCompile Include="GeneratedFiles\qrc_nonmodualdialog.cpp">
      <Filter>Generated Files</Filter>
    </ClCompile>
  </ItemGroup>
  <ItemGroup>
    <CustomBuild Include="qtconverge.h">
      <Filter>Header Files</Filter>
    </CustomBuild>
    <CustomBuild Include="qtconverge.ui">
      <Filter>Form Files</Filter>
    </CustomBuild>
    <CustomBuild Include="qtconverge.qrc">
      <Filter>Resource Files</Filter>
    </CustomBuild>
    <CustomBuild Include="..\TextEditor\texteditor.h">
      <Filter>Resource Files\TextEditor</Filter>
    </CustomBuild>
    <CustomBuild Include="..\TextEditor\texteditor.qrc">
      <Filter>Resource Files\TextEditor</Filter>
    </CustomBuild>
    <CustomBuild Include="..\TextEditor\texteditor.ui">
      <Filter>Resource Files\TextEditor</Filter>
    </CustomBuild>
    <CustomBuild Include="..\NonModualDialog\LoginDlg.h">
      <Filter>Resource Files\ModualDialog</Filter>
    </CustomBuild>
    <CustomBuild Include="..\NonModualDialog\LoginDlg.ui">
      <Filter>Resource Files\ModualDialog</Filter>
    </CustomBuild>
    <CustomBuild Include="..\NonModualDialog\nonmodualdialog.h">
      <Filter>Resource Files\ModualDialog</Filter>
    </CustomBuild>
    <CustomBuild Include="..\NonModualDialog\nonmodualdialog.ui">
      <Filter>Resource Files\ModualDialog</Filter>
    </CustomBuild>
    <CustomBuild Include="..\NonModualDialog\SearchWindow.h">
      <Filter>Resource Files\ModualDialog</Filter>
    </CustomBuild>
    <CustomBuild Include="..\NonModualDialog\SearchWindow.ui">
      <Filter>Resource Files\ModualDialog</Filter>
    </CustomBuild>
    <CustomBuild Include="..\NonModualDialog\nonmodualdialog.qrc">
      <Filter>Resource Files\ModualDialog</Filter>
    </CustomBuild>
  </ItemGroup>
  <ItemGroup>
    <ClInclude Include="GeneratedFiles\ui_qtconverge.h">
      <Filter>Generated Files</Filter>
    </ClInclude>
    <ClInclude Include="GeneratedFiles\ui_texteditor.h">
      <Filter>Generated Files</Filter>
    </ClInclude>
    <ClInclude Include="GeneratedFiles\ui_LoginDlg.h">
      <Filter>Generated Files</Filter>
    </ClInclude>
    <ClInclude Include="GeneratedFiles\ui_nonmodualdialog.h">
      <Filter>Generated Files</Filter>
    </ClInclude>
    <ClInclude Include="GeneratedFiles\ui_SearchWindow.h">
      <Filter>Generated Files</Filter>
    </ClInclude>
  </ItemGroup>
</Project>